
Microsoft Visual Studio Solution File, Format Version 12.00
# Visual Studio Version 17
VisualStudioVersion = 17.11.35327.3
MinimumVisualStudioVersion = 10.0.40219.1
Project("{2150E333-8FDC-42A3-9474-1A3956D46DE8}") = "Services", "Services", "{DF04FFFE-627B-4CD2-A7E0-6513FD008963}"
EndProject
Project("{FAE04EC0-301F-11D3-BF4B-00C04F79EFBC}") = "Catalog.API", "Services\Catalog.API\Catalog.API.csproj", "{A01124DC-137B-4CC4-8280-B5EBDC3F7F60}"
EndProject
Global
	GlobalSection(SolutionConfigurationPlatforms) = preSolution
		Debug|Any CPU = Debug|Any CPU
		Release|Any CPU = Release|Any CPU
	EndGlobalSection
	GlobalSection(ProjectConfigurationPlatforms) = postSolution
		{A01124DC-137B-4CC4-8280-B5EBDC3F7F60}.Debug|Any CPU.ActiveCfg = Debug|Any CPU
		{A01124DC-137B-4CC4-8280-B5EBDC3F7F60}.Debug|Any CPU.Build.0 = Debug|Any CPU
		{A01124DC-137B-4CC4-8280-B5EBDC3F7F60}.Release|Any CPU.ActiveCfg = Release|Any CPU
		{A01124DC-137B-4CC4-8280-B5EBDC3F7F60}.Release|Any CPU.Build.0 = Release|Any CPU
	EndGlobalSection
	GlobalSection(SolutionProperties) = preSolution
		HideSolutionNode = FALSE
	EndGlobalSection
	GlobalSection(NestedProjects) = preSolution
		{A01124DC-137B-4CC4-8280-B5EBDC3F7F60} = {DF04FFFE-627B-4CD2-A7E0-6513FD008963}
	EndGlobalSection
	GlobalSection(ExtensibilityGlobals) = postSolution
		SolutionGuid = {045E14DF-4938-44D5-95CA-9AA7C953A3B1}
	EndGlobalSection
EndGlobal
